
Microsoft Visual Studio Solution File, Format Version 12.00
# Visual Studio Version 16
VisualStudioVersion = 16.0.32630.194
MinimumVisualStudioVersion = 10.0.40219.1
Project("{FAE04EC0-301F-11D3-BF4B-00C04F79EFBC}") = "Task1", "Task1\Task1.csproj", "{94AED9AF-B59E-468E-8182-AD0736776112}"
EndProject
Global
	GlobalSection(SolutionConfigurationPlatforms) = preSolution
		Debug|Any CPU = Debug|Any CPU
		Release|Any CPU = Release|Any CPU
	EndGlobalSection
	GlobalSection(ProjectConfigurationPlatforms) = postSolution
		{94AED9AF-B59E-468E-8182-AD0736776112}.Debug|Any CPU.ActiveCfg = Debug|Any CPU
		{94AED9AF-B59E-468E-8182-AD0736776112}.Debug|Any CPU.Build.0 = Debug|Any CPU
		{94AED9AF-B59E-468E-8182-AD0736776112}.Release|Any CPU.ActiveCfg = Release|Any CPU
		{94AED9AF-B59E-468E-8182-AD0736776112}.Release|Any CPU.Build.0 = Release|Any CPU
	EndGlobalSection
	GlobalSection(SolutionProperties) = preSolution
		HideSolutionNode = FALSE
	EndGlobalSection
	GlobalSection(ExtensibilityGlobals) = postSolution
		SolutionGuid = {3C412623-E4D4-42A5-961E-3A90E7C44FE4}
	EndGlobalSection
EndGlobal
